{
    "_meta": {
        "hash": {
            "sha256": "78711163aa07aca75436c1f56ddd98ee7bc10f8e9e02030b0f23b78ea213dc3a"
        },
        "pipfile-spec": 6,
        "requires": {},
        "sources": [
            {
                "name": "pypi",
                "url": "https://pypi.org/simple",
                "verify_ssl": true
            }
        ]
    },
    "default": {
        "colorlog": {
            "hashes": [
                "sha256:344f73204009e4c83c5b6beb00b3c45dc70fcdae3c80db919e0a4171d006fde8",
                "sha256:351c51e866c86c3217f08e4b067a7974a678be78f07f85fc2d55b8babde6d94e"
            ],
            "index": "pypi",
            "version": "==6.6.0"
        },
        "grpcio": {
            "hashes": [
                "sha256:05f7c248e440f538aaad13eee78ef35f0541e73498dd6f832fe284542ac4b298",
                "sha256:080b66253f29e1646ac53ef288c12944b131a2829488ac3bac8f52abb4413c0d",
                "sha256:12b479839a5e753580b5e6053571de14006157f2ef9b71f38c56dc9b23b95ad6",
                "sha256:156f8009e36780fab48c979c5605eda646065d4695deea4cfcbcfdd06627ddb6",
                "sha256:15f9e6d7f564e8f0776770e6ef32dac172c6f9960c478616c366862933fa08b4",
                "sha256:177afaa7dba3ab5bfc211a71b90da1b887d441df33732e94e26860b3321434d9",
                "sha256:1a4cd8cb09d1bc70b3ea37802be484c5ae5a576108bad14728f2516279165dd7",
                "sha256:1d8d02dbb616c0a9260ce587eb751c9c7dc689bc39efa6a88cc4fa3e9c138a7b",
                "sha256:2b71916fa8f9eb2abd93151fafe12e18cebb302686b924bd4ec39266211da525",
                "sha256:2d9fd6e38b16c4d286a01e1776fdf6c7a4123d99ae8d6b3f0b4a03a34bf6ce45",
                "sha256:3b611b3de3dfd2c47549ca01abfa9bbb95937eb0ea546ea1d762a335739887be",
                "sha256:3e4244c09cc1b65c286d709658c061f12c61c814be0b7030a2d9966ff02611e0",
                "sha256:40838061e24f960b853d7bce85086c8e1b81c6342b1f4c47ff0edd44bbae2722",
                "sha256:4b123fbb7a777a2fedec684ca0b723d85e1d2379b6032a9a9b7851829ed3ca9a",
                "sha256:531f8b46f3d3db91d9ef285191825d108090856b3bc86a75b7c3930f16ce432f",
                "sha256:67dd41a31f6fc5c7db097a5c14a3fa588af54736ffc174af4411d34c4f306f68",
                "sha256:7489dbb901f4fdf7aec8d3753eadd40839c9085967737606d2c35b43074eea24",
                "sha256:8d4c8e73bf20fb53fe5a7318e768b9734cf122fe671fcce75654b98ba12dfb75",
                "sha256:8e69aa4e9b7f065f01d3fdcecbe0397895a772d99954bb82eefbb1682d274518",
                "sha256:8e8999a097ad89b30d584c034929f7c0be280cd7851ac23e9067111167dcbf55",
                "sha256:906f4d1beb83b3496be91684c47a5d870ee628715227d5d7c54b04a8de802974",
                "sha256:92d7635d1059d40d2ec29c8bf5ec58900120b3ce5150ef7414119430a4b2dd5c",
                "sha256:931e746d0f75b2a5cff0a1197d21827a3a2f400c06bace036762110f19d3d507",
                "sha256:95ce51f7a09491fb3da8cf3935005bff19983b77c4e9437ef77235d787b06842",
                "sha256:9eea18a878cffc804506d39c6682d71f6b42ec1c151d21865a95fae743fda500",
                "sha256:a23d47f2fc7111869f0ff547f771733661ff2818562b04b9ed674fa208e261f4",
                "sha256:a4c23e54f58e016761b576976da6a34d876420b993f45f66a2bfb00363ecc1f9",
                "sha256:a50a1be449b9e238b9bd43d3857d40edf65df9416dea988929891d92a9f8a778",
                "sha256:ab5d0e3590f0a16cb88de4a3fa78d10eb66a84ca80901eb2c17c1d2c308c230f",
                "sha256:ae23daa7eda93c1c49a9ecc316e027ceb99adbad750fbd3a56fa9e4a2ffd5ae0",
                "sha256:af98d49e56605a2912cf330b4627e5286243242706c3a9fa0bcec6e6f68646fc",
                "sha256:b2f77a90ba7b85bfb31329f8eab9d9540da2cf8a302128fb1241d7ea239a5469",
                "sha256:baab51dcc4f2aecabf4ed1e2f57bceab240987c8b03533f1cef90890e6502067",
                "sha256:ca8a2254ab88482936ce941485c1c20cdeaef0efa71a61dbad171ab6758ec998",
                "sha256:cb11464f480e6103c59d558a3875bd84eed6723f0921290325ebe97262ae1347",
                "sha256:ce8513aee0af9c159319692bfbf488b718d1793d764798c3d5cff827a09e25ef",
                "sha256:cf151f97f5f381163912e8952eb5b3afe89dec9ed723d1561d59cabf1e219a35",
                "sha256:d144ad10eeca4c1d1ce930faa105899f86f5d99cecfe0d7224f3c4c76265c15e",
                "sha256:d534d169673dd5e6e12fb57cc67664c2641361e1a0885545495e65a7b761b0f4",
                "sha256:d75061367a69808ab2e84c960e9dce54749bcc1e44ad3f85deee3a6c75b4ede9",
                "sha256:d84d04dec64cc4ed726d07c5d17b73c343c8ddcd6b59c7199c801d6bbb9d9ed1",
                "sha256:de411d2b030134b642c092e986d21aefb9d26a28bf5a18c47dd08ded411a3bc5",
                "sha256:e07fe0d7ae395897981d16be61f0db9791f482f03fee7d1851fe20ddb4f69c03",
                "sha256:ea8ccf95e4c7e20419b7827aa5b6da6f02720270686ac63bd3493a651830235c",
                "sha256:f7025930039a011ed7d7e7ef95a1cb5f516e23c5a6ecc7947259b67bea8e06ca"
            ],
            "markers": "python_version >= '3.7'",
            "version": "==1.50.0"
        },
        "hdrhistogram": {
            "hashes": [
                "sha256:542a10f166ea07229cd85a6c09229936749ed7840018993537340fa9ada78566"
            ],
            "index": "pypi",
            "version": "==0.10.1"
        },
        "momento": {
            "hashes": [
                "sha256:3d7023fc2c33ab83b3aa758909eaae75b08343b5f4b8fd2a6df4374c4ce5adf4",
                "sha256:50e5fdaaba18ec1333d623219349aca4519791400fd69d5bd2d0b9af3f154240"
            ],
            "index": "pypi",
            "version": "==0.19.0"
        },
        "momento-wire-types": {
            "hashes": [
                "sha256:138c955bb2d2cae2ff91d79937da9579008174bbcb1c2a426aad8e6f790543f3",
                "sha256:d91ceac3c595c4c50aad1b0cffcf44ee4cee4e681d21220c63e677353b0bc21c"
            ],
            "markers": "python_version >= '3.6'",
            "version": "==0.31.1"
        },
        "pbr": {
            "hashes": [
                "sha256:567f09558bae2b3ab53cb3c1e2e33e726ff3338e7bae3db5dc954b3a44eef12b",
                "sha256:aefc51675b0b533d56bb5fd1c8c6c0522fe31896679882e1c4c63d5e4a0fccb3"
            ],
            "markers": "python_version >= '2.6'",
            "version": "==5.11.1"
        },
        "protobuf": {
            "hashes": [
                "sha256:1f22ac0ca65bb70a876060d96d914dae09ac98d114294f77584b0d2644fa9c30",
                "sha256:237216c3326d46808a9f7c26fd1bd4b20015fb6867dc5d263a493ef9a539293b",
                "sha256:27f4d15021da6d2b706ddc3860fac0a5ddaba34ab679dc182b60a8bb4e1121cc",
                "sha256:299ea899484ee6f44604deb71f424234f654606b983cb496ea2a53e3c63ab791",
                "sha256:3d164928ff0727d97022957c2b849250ca0e64777ee31efd7d6de2e07c494717",
                "sha256:6ab80df09e3208f742c98443b6166bcb70d65f52cfeb67357d52032ea1ae9bec",
                "sha256:78a28c9fa223998472886c77042e9b9afb6fe4242bd2a2a5aced88e3f4422aa7",
                "sha256:7cd532c4566d0e6feafecc1059d04c7915aec8e182d1cf7adee8b24ef1e2e6ab",
                "sha256:89f9149e4a0169cddfc44c74f230d7743002e3aa0b9472d8c28f0388102fc4c2",
                "sha256:a53fd3f03e578553623272dc46ac2f189de23862e68565e83dde203d41b76fc5",
                "sha256:b135410244ebe777db80298297a97fbb4c862c881b4403b71bac9d4107d61fd1",
                "sha256:b98d0148f84e3a3c569e19f52103ca1feacdac0d2df8d6533cf983d1fda28462",
                "sha256:d1736130bce8cf131ac7957fa26880ca19227d4ad68b4888b3be0dea1f95df97",
                "sha256:f45460f9ee70a0ec1b6694c6e4e348ad2019275680bd68a1d9314b8c7e01e574"
            ],
            "markers": "python_version >= '3.7'",
            "version": "==4.21.12"
        },
        "pyjwt": {
            "hashes": [
                "sha256:72d1d253f32dbd4f5c88eaf1fdc62f3a19f676ccbadb9dbc5d07e951b2b26daf",
                "sha256:d42908208c699b3b973cbeb01a969ba6a96c821eefb1c5bfe4c390c01d67abba"
            ],
            "markers": "python_version >= '3.6'",
            "version": "==2.4.0"
        },
        "six": {
            "hashes": [
                "sha256:1e61c37477a1626458e36f7b1d82aa5c9b094fa4802892072e49de9c60c4c926",
                "sha256:8abb2f1d86890a2dfb989f9a77cfcfd3e47c2a354b01111771326f8aa26e0254"
            ],
            "markers": "python_version >= '2.7' and python_version not in '3.0, 3.1, 3.2, 3.3'",
            "version": "==1.16.0"
        }
    },
    "develop": {}
}
