# This file is automatically @generated by Poetry 1.7.1 and should not be changed by hand.

[[package]]
name = "colorama"
version = "0.4.6"
description = "Cross-platform colored terminal text."
optional = false
python-versions = "!=3.0.*,!=3.1.*,!=3.2.*,!=3.3.*,!=3.4.*,!=3.5.*,!=3.6.*,>=2.7"
files = [
    {file = "colorama-0.4.6-py2.py3-none-any.whl", hash = "sha256:4f1d9991f5acc0ca119f9d443620b77f9d6b33703e51011c16baf57afb285fc6"},
    {file = "colorama-0.4.6.tar.gz", hash = "sha256:08695f5cb7ed6e0531a20572697297273c47b8cae5a63ffc6d6ed5c201be6e44"},
]

[[package]]
name = "colorlog"
version = "6.7.0"
description = "Add colours to the output of Python's logging module."
optional = false
python-versions = ">=3.6"
files = [
    {file = "colorlog-6.7.0-py2.py3-none-any.whl", hash = "sha256:0d33ca236784a1ba3ff9c532d4964126d8a2c44f1f0cb1d2b0728196f512f662"},
    {file = "colorlog-6.7.0.tar.gz", hash = "sha256:bd94bd21c1e13fac7bd3153f4bc3a7dc0eb0974b8bc2fdf1a989e474f6e582e5"},
]

[package.dependencies]
colorama = {version = "*", markers = "sys_platform == \"win32\""}

[package.extras]
development = ["black", "flake8", "mypy", "pytest", "types-colorama"]

[[package]]
name = "grpcio"
version = "1.59.2"
description = "HTTP/2-based RPC framework"
optional = false
python-versions = ">=3.7"
files = [
    {file = "grpcio-1.59.2-cp310-cp310-linux_armv7l.whl", hash = "sha256:d2fa68a96a30dd240be80bbad838a0ac81a61770611ff7952b889485970c4c71"},
    {file = "grpcio-1.59.2-cp310-cp310-macosx_12_0_universal2.whl", hash = "sha256:cf0dead5a2c5a3347af2cfec7131d4f2a2e03c934af28989c9078f8241a491fa"},
    {file = "grpcio-1.59.2-cp310-cp310-manylinux_2_17_aarch64.whl", hash = "sha256:e420ced29b5904cdf9ee5545e23f9406189d8acb6750916c2db4793dada065c6"},
    {file = "grpcio-1.59.2-cp310-cp310-manylinux_2_17_i686.manylinux2014_i686.whl", hash = "sha256:2b230028a008ae1d0f430acb227d323ff8a619017415cf334c38b457f814119f"},
    {file = "grpcio-1.59.2-cp310-cp310-manylinux_2_17_x86_64.manylinux2014_x86_64.whl", hash = "sha256:0a4a3833c0e067f3558538727235cd8a49709bff1003200bbdefa2f09334e4b1"},
    {file = "grpcio-1.59.2-cp310-cp310-musllinux_1_1_i686.whl", hash = "sha256:6b25ed37c27e652db01be341af93fbcea03d296c024d8a0e680017a268eb85dd"},
    {file = "grpcio-1.59.2-cp310-cp310-musllinux_1_1_x86_64.whl", hash = "sha256:73abb8584b0cf74d37f5ef61c10722adc7275502ab71789a8fe3cb7ef04cf6e2"},
    {file = "grpcio-1.59.2-cp310-cp310-win32.whl", hash = "sha256:d6f70406695e3220f09cd7a2f879333279d91aa4a8a1d34303b56d61a8180137"},
    {file = "grpcio-1.59.2-cp310-cp310-win_amd64.whl", hash = "sha256:3c61d641d4f409c5ae46bfdd89ea42ce5ea233dcf69e74ce9ba32b503c727e29"},
    {file = "grpcio-1.59.2-cp311-cp311-linux_armv7l.whl", hash = "sha256:3059668df17627f0e0fa680e9ef8c995c946c792612e9518f5cc1503be14e90b"},
    {file = "grpcio-1.59.2-cp311-cp311-macosx_10_10_universal2.whl", hash = "sha256:72ca2399097c0b758198f2ff30f7178d680de8a5cfcf3d9b73a63cf87455532e"},
    {file = "grpcio-1.59.2-cp311-cp311-manylinux_2_17_aarch64.whl", hash = "sha256:c978f864b35f2261e0819f5cd88b9830b04dc51bcf055aac3c601e525a10d2ba"},
    {file = "grpcio-1.59.2-cp311-cp311-manylinux_2_17_i686.manylinux2014_i686.whl", hash = "sha256:9411e24328a2302e279e70cae6e479f1fddde79629fcb14e03e6d94b3956eabf"},
    {file = "grpcio-1.59.2-cp311-cp311-manylinux_2_17_x86_64.manylinux2014_x86_64.whl", hash = "sha256:bb7e0fe6ad73b7f06d7e2b689c19a71cf5cc48f0c2bf8608469e51ffe0bd2867"},
    {file = "grpcio-1.59.2-cp311-cp311-musllinux_1_1_i686.whl", hash = "sha256:c2504eed520958a5b77cc99458297cb7906308cb92327f35fb7fbbad4e9b2188"},
    {file = "grpcio-1.59.2-cp311-cp311-musllinux_1_1_x86_64.whl", hash = "sha256:2171c39f355ba5b551c5d5928d65aa6c69807fae195b86ef4a7d125bcdb860a9"},
    {file = "grpcio-1.59.2-cp311-cp311-win32.whl", hash = "sha256:d2794f0e68b3085d99b4f6ff9c089f6fdd02b32b9d3efdfbb55beac1bf22d516"},
    {file = "grpcio-1.59.2-cp311-cp311-win_amd64.whl", hash = "sha256:2067274c88bc6de89c278a672a652b4247d088811ece781a4858b09bdf8448e3"},
    {file = "grpcio-1.59.2-cp312-cp312-linux_armv7l.whl", hash = "sha256:535561990e075fa6bd4b16c4c3c1096b9581b7bb35d96fac4650f1181e428268"},
    {file = "grpcio-1.59.2-cp312-cp312-macosx_10_10_universal2.whl", hash = "sha256:a213acfbf186b9f35803b52e4ca9addb153fc0b67f82a48f961be7000ecf6721"},
    {file = "grpcio-1.59.2-cp312-cp312-manylinux_2_17_aarch64.whl", hash = "sha256:6959fb07e8351e20501ffb8cc4074c39a0b7ef123e1c850a7f8f3afdc3a3da01"},
    {file = "grpcio-1.59.2-cp312-cp312-manylinux_2_17_i686.manylinux2014_i686.whl", hash = "sha256:e82c5cf1495244adf5252f925ac5932e5fd288b3e5ab6b70bec5593074b7236c"},
    {file = "grpcio-1.59.2-cp312-cp312-manylinux_2_17_x86_64.manylinux2014_x86_64.whl", hash = "sha256:023088764012411affe7db183d1ada3ad9daf2e23ddc719ff46d7061de661340"},
    {file = "grpcio-1.59.2-cp312-cp312-musllinux_1_1_i686.whl", hash = "sha256:da2d94c15f88cd40d7e67f7919d4f60110d2b9d5b1e08cf354c2be773ab13479"},
    {file = "grpcio-1.59.2-cp312-cp312-musllinux_1_1_x86_64.whl", hash = "sha256:6009386a2df66159f64ac9f20425ae25229b29b9dd0e1d3dd60043f037e2ad7e"},
    {file = "grpcio-1.59.2-cp312-cp312-win32.whl", hash = "sha256:75c6ecb70e809cf1504465174343113f51f24bc61e22a80ae1c859f3f7034c6d"},
    {file = "grpcio-1.59.2-cp312-cp312-win_amd64.whl", hash = "sha256:cbe946b3e6e60a7b4618f091e62a029cb082b109a9d6b53962dd305087c6e4fd"},
    {file = "grpcio-1.59.2-cp37-cp37m-linux_armv7l.whl", hash = "sha256:f8753a6c88d1d0ba64302309eecf20f70d2770f65ca02d83c2452279085bfcd3"},
    {file = "grpcio-1.59.2-cp37-cp37m-macosx_10_10_universal2.whl", hash = "sha256:f1ef0d39bc1feb420caf549b3c657c871cad4ebbcf0580c4d03816b0590de0cf"},
    {file = "grpcio-1.59.2-cp37-cp37m-manylinux_2_17_aarch64.whl", hash = "sha256:4c93f4abbb54321ee6471e04a00139c80c754eda51064187963ddf98f5cf36a4"},
    {file = "grpcio-1.59.2-cp37-cp37m-manylinux_2_17_i686.manylinux2014_i686.whl", hash = "sha256:08d77e682f2bf730a4961eea330e56d2f423c6a9b91ca222e5b1eb24a357b19f"},
    {file = "grpcio-1.59.2-cp37-cp37m-manylinux_2_17_x86_64.manylinux2014_x86_64.whl", hash = "sha256:1ff16d68bf453275466a9a46739061a63584d92f18a0f5b33d19fc97eb69867c"},
    {file = "grpcio-1.59.2-cp37-cp37m-musllinux_1_1_i686.whl", hash = "sha256:4abb717e320e74959517dc8e84a9f48fbe90e9abe19c248541e9418b1ce60acd"},
    {file = "grpcio-1.59.2-cp37-cp37m-musllinux_1_1_x86_64.whl", hash = "sha256:36f53c2b3449c015880e7d55a89c992c357f176327b0d2873cdaaf9628a37c69"},
    {file = "grpcio-1.59.2-cp37-cp37m-win_amd64.whl", hash = "sha256:cc3e4cd087f07758b16bef8f31d88dbb1b5da5671d2f03685ab52dece3d7a16e"},
    {file = "grpcio-1.59.2-cp38-cp38-linux_armv7l.whl", hash = "sha256:27f879ae604a7fcf371e59fba6f3ff4635a4c2a64768bd83ff0cac503142fef4"},
    {file = "grpcio-1.59.2-cp38-cp38-macosx_10_10_universal2.whl", hash = "sha256:7cf05053242f61ba94014dd3a986e11a083400a32664058f80bf4cf817c0b3a1"},
    {file = "grpcio-1.59.2-cp38-cp38-manylinux_2_17_aarch64.whl", hash = "sha256:e1727c1c0e394096bb9af185c6923e8ea55a5095b8af44f06903bcc0e06800a2"},
    {file = "grpcio-1.59.2-cp38-cp38-manylinux_2_17_i686.manylinux2014_i686.whl", hash = "sha256:5d573e70a6fe77555fb6143c12d3a7d3fa306632a3034b4e7c59ca09721546f8"},
    {file = "grpcio-1.59.2-cp38-cp38-manylinux_2_17_x86_64.manylinux2014_x86_64.whl", hash = "sha256:31176aa88f36020055ace9adff2405a33c8bdbfa72a9c4980e25d91b2f196873"},
    {file = "grpcio-1.59.2-cp38-cp38-musllinux_1_1_i686.whl", hash = "sha256:11168ef43e4a43ff1b1a65859f3e0ef1a173e277349e7fb16923ff108160a8cd"},
    {file = "grpcio-1.59.2-cp38-cp38-musllinux_1_1_x86_64.whl", hash = "sha256:53c9aa5ddd6857c0a1cd0287225a2a25873a8e09727c2e95c4aebb1be83a766a"},
    {file = "grpcio-1.59.2-cp38-cp38-win32.whl", hash = "sha256:3b4368b33908f683a363f376dfb747d40af3463a6e5044afee07cf9436addf96"},
    {file = "grpcio-1.59.2-cp38-cp38-win_amd64.whl", hash = "sha256:0a754aff9e3af63bdc4c75c234b86b9d14e14a28a30c4e324aed1a9b873d755f"},
    {file = "grpcio-1.59.2-cp39-cp39-linux_armv7l.whl", hash = "sha256:1f9524d1d701e399462d2c90ba7c193e49d1711cf429c0d3d97c966856e03d00"},
    {file = "grpcio-1.59.2-cp39-cp39-macosx_10_10_universal2.whl", hash = "sha256:f93dbf58f03146164048be5426ffde298b237a5e059144847e4940f5b80172c3"},
    {file = "grpcio-1.59.2-cp39-cp39-manylinux_2_17_aarch64.whl", hash = "sha256:6da6dea3a1bacf99b3c2187e296db9a83029ed9c38fd4c52b7c9b7326d13c828"},
    {file = "grpcio-1.59.2-cp39-cp39-manylinux_2_17_i686.manylinux2014_i686.whl", hash = "sha256:c5f09cffa619adfb44799fa4a81c2a1ad77c887187613fb0a8f201ab38d89ba1"},
    {file = "grpcio-1.59.2-cp39-cp39-manylinux_2_17_x86_64.manylinux2014_x86_64.whl", hash = "sha256:c35aa9657f5d5116d23b934568e0956bd50c615127810fffe3ac356a914c176a"},
    {file = "grpcio-1.59.2-cp39-cp39-musllinux_1_1_i686.whl", hash = "sha256:74100fecaec8a535e380cf5f2fb556ff84957d481c13e54051c52e5baac70541"},
    {file = "grpcio-1.59.2-cp39-cp39-musllinux_1_1_x86_64.whl", hash = "sha256:128e20f57c5f27cb0157e73756d1586b83c1b513ebecc83ea0ac37e4b0e4e758"},
    {file = "grpcio-1.59.2-cp39-cp39-win32.whl", hash = "sha256:686e975a5d16602dc0982c7c703948d17184bd1397e16c8ee03511ecb8c4cdda"},
    {file = "grpcio-1.59.2-cp39-cp39-win_amd64.whl", hash = "sha256:242adc47725b9a499ee77c6a2e36688fa6c96484611f33b1be4c57ab075a92dd"},
    {file = "grpcio-1.59.2.tar.gz", hash = "sha256:d8f9cd4ad1be90b0cf350a2f04a38a36e44a026cac1e036ac593dc48efe91d52"},
]

[package.extras]
protobuf = ["grpcio-tools (>=1.59.2)"]

[[package]]
name = "hdrhistogram"
version = "0.10.3"
description = "High Dynamic Range histogram in native python"
optional = false
python-versions = "*"
files = [
    {file = "hdrhistogram-0.10.3-cp310-cp310-macosx_10_9_x86_64.whl", hash = "sha256:5ca99b4ea5c4a94fff9ed9e76fe308273376f630c461379671fcbdd2c9934b0b"},
    {file = "hdrhistogram-0.10.3-cp310-cp310-manylinux_2_5_i686.manylinux1_i686.manylinux_2_17_i686.manylinux2014_i686.whl", hash = "sha256:a52d892b093e7906c91d577dafe75c2d8864a8e113e98d6f88848f9ce40a952f"},
    {file = "hdrhistogram-0.10.3-cp310-cp310-manylinux_2_5_x86_64.manylinux1_x86_64.manylinux_2_17_x86_64.manylinux2014_x86_64.whl", hash = "sha256:7b12d915dab421f269a50e3831510f11fece8268c4a4543b5a2dca21fcdfb6aa"},
    {file = "hdrhistogram-0.10.3-cp310-cp310-musllinux_1_1_i686.whl", hash = "sha256:b58256f9f8a47aee37b1fec6a3f069212b6174162f7cd814e1dcd3afbef389b2"},
    {file = "hdrhistogram-0.10.3-cp310-cp310-musllinux_1_1_x86_64.whl", hash = "sha256:38f1b5c45e71e2a3b982fb1b25c17ad9eaed2f0b014ea6637373630b18644945"},
    {file = "hdrhistogram-0.10.3-cp310-cp310-win32.whl", hash = "sha256:19c5fff0cdf22a12fe68d3e09f928c0fc7873adb235f98a214222fb7b2249a3e"},
    {file = "hdrhistogram-0.10.3-cp310-cp310-win_amd64.whl", hash = "sha256:bbe025f00445c842440c5c1cf3b7665a1a37e7d954142bcbf0838a7bb307b9ef"},
    {file = "hdrhistogram-0.10.3-cp311-cp311-macosx_10_9_x86_64.whl", hash = "sha256:d5748a22ec68a5390f9d493aca933a6871788e34df91da4cc0a6ee19e336dc6d"},
    {file = "hdrhistogram-0.10.3-cp311-cp311-manylinux_2_5_i686.manylinux1_i686.manylinux_2_17_i686.manylinux2014_i686.whl", hash = "sha256:f6d7e402365ced65309c3ffb060b6bcf7d1265bfba293509076f18b5d9ec260d"},
    {file = "hdrhistogram-0.10.3-cp311-cp311-manylinux_2_5_x86_64.manylinux1_x86_64.manylinux_2_17_x86_64.manylinux2014_x86_64.whl", hash = "sha256:3f55fcbd39953b8989344cfb56cfa06094dbffc3fd4df1ff05d4b15658e1bf6d"},
    {file = "hdrhistogram-0.10.3-cp311-cp311-musllinux_1_1_i686.whl", hash = "sha256:d814811d52e699426a8b54f2448ab5e49fee3519a200cd887fd3faaaa6f4a35d"},
    {file = "hdrhistogram-0.10.3-cp311-cp311-musllinux_1_1_x86_64.whl", hash = "sha256:bfd6ad77c1f7806aaeb6b340866a6bb38a1f0fe94d8f5a5f74372c33a094913f"},
    {file = "hdrhistogram-0.10.3-cp311-cp311-win32.whl", hash = "sha256:28950b3ffaa97e859f76a08932a6c2a5baeca2a140804e0fd03b3b1d622a6c92"},
    {file = "hdrhistogram-0.10.3-cp311-cp311-win_amd64.whl", hash = "sha256:e07dc9d667c71b061cc56a721f0005d8d77cf1a7f383902657703ac3ecd026f6"},
    {file = "hdrhistogram-0.10.3-cp312-cp312-macosx_10_9_x86_64.whl", hash = "sha256:088d3ef64c2004fc3cd4b21c4292efe4648367a1ce98c554bf7c5730a0ba018e"},
    {file = "hdrhistogram-0.10.3-cp312-cp312-manylinux_2_5_i686.manylinux1_i686.manylinux_2_17_i686.manylinux2014_i686.whl", hash = "sha256:bda8ae7ab424e6f2221ae9daed20610becb5d59cae2d448a05077b00e864c9e7"},
    {file = "hdrhistogram-0.10.3-cp312-cp312-manylinux_2_5_x86_64.manylinux1_x86_64.manylinux_2_17_x86_64.manylinux2014_x86_64.whl", hash = "sha256:f2ba2550e8a392a543e727a4875f76f7131d1dd04ebe7c03d3cbe44b83fc130b"},
    {file = "hdrhistogram-0.10.3-cp312-cp312-musllinux_1_1_i686.whl", hash = "sha256:57d61fd8378212d3d24149a331f770278766db541373d20a12f9399788ffde82"},
    {file = "hdrhistogram-0.10.3-cp312-cp312-musllinux_1_1_x86_64.whl", hash = "sha256:ad6d3ca8bcec581b8cf936608f79f6dd619e2690d1135c1978d80b01318e19e3"},
    {file = "hdrhistogram-0.10.3-cp312-cp312-win32.whl", hash = "sha256:90bf599703cd146b430fd4c111fb1290da902746ddea9c591c1cfb8313d37974"},
    {file = "hdrhistogram-0.10.3-cp312-cp312-win_amd64.whl", hash = "sha256:92f0a43d0918ee6c48c78097c6e51eced260d0ae459c00a8a3690fbd9a06dc78"},
    {file = "hdrhistogram-0.10.3-cp36-cp36m-macosx_10_9_x86_64.whl", hash = "sha256:eb9a45365b4a52f16b1e53a3f431ee9ef65a978b5a62ede2be6e2654f43f338b"},
    {file = "hdrhistogram-0.10.3-cp36-cp36m-manylinux_2_5_i686.manylinux1_i686.manylinux_2_17_i686.manylinux2014_i686.whl", hash = "sha256:93eb769a67b27017926208a63914126cef684284a51a8c30126e83bf4cbc273c"},
    {file = "hdrhistogram-0.10.3-cp36-cp36m-manylinux_2_5_x86_64.manylinux1_x86_64.manylinux_2_17_x86_64.manylinux2014_x86_64.whl", hash = "sha256:058bcdd518d16d3ccb15d67e5f3dd6a3c9ab79970f474ecd5fa60d4dfa482e53"},
    {file = "hdrhistogram-0.10.3-cp36-cp36m-musllinux_1_1_i686.whl", hash = "sha256:f8d9d56aedd87aa2347188f5a3b24aaafeee154a92b1741e97a18f2135a18f5a"},
    {file = "hdrhistogram-0.10.3-cp36-cp36m-musllinux_1_1_x86_64.whl", hash = "sha256:da0b21803a80fbc395823b873825d188a587fb831ac32733f5bb1d1a67fca134"},
    {file = "hdrhistogram-0.10.3-cp36-cp36m-win32.whl", hash = "sha256:1f0ebec7b1aa970b4580623444711fa76f7c9f3ed2b702807a1dcbb513d8f50f"},
    {file = "hdrhistogram-0.10.3-cp36-cp36m-win_amd64.whl", hash = "sha256:1c93c0a00e824e298671f8942e2ffe8cd9a7083800594bebab2110ea948eb640"},
    {file = "hdrhistogram-0.10.3-cp37-cp37m-macosx_10_9_x86_64.whl", hash = "sha256:c6714255d09e8618c5f335ea91fd945e4fcd7f165ac3e71a01354d0225e2cd8d"},
    {file = "hdrhistogram-0.10.3-cp37-cp37m-manylinux_2_5_i686.manylinux1_i686.manylinux_2_17_i686.manylinux2014_i686.whl", hash = "sha256:eedbb4940596404097057382a110160a0a861e926c11d22db2479ab1fdcacd26"},
    {file = "hdrhistogram-0.10.3-cp37-cp37m-manylinux_2_5_x86_64.manylinux1_x86_64.manylinux_2_17_x86_64.manylinux2014_x86_64.whl", hash = "sha256:3f451c9d883abfdf73058b0863d43e4ee577504bd27bd46d257e354a3f21f22c"},
    {file = "hdrhistogram-0.10.3-cp37-cp37m-musllinux_1_1_i686.whl", hash = "sha256:3ae3e69a5570812d76ddf647c75a61a321e351819768d8bdd36538ae912eafc1"},
    {file = "hdrhistogram-0.10.3-cp37-cp37m-musllinux_1_1_x86_64.whl", hash = "sha256:63739f63aa5e8fb57df66f020e438d52baa80af42809672a8cb5d655f489afc8"},
    {file = "hdrhistogram-0.10.3-cp37-cp37m-win32.whl", hash = "sha256:be1cc268d6cfcd7193d87310deb2b4bbf56f58dc5a84382c73c02f4058c0a743"},
    {file = "hdrhistogram-0.10.3-cp37-cp37m-win_amd64.whl", hash = "sha256:24f6a42d31ece8beaf75d53480be6c6a0ce27e98440f3de1605229b360ef30b9"},
    {file = "hdrhistogram-0.10.3-cp38-cp38-macosx_10_9_x86_64.whl", hash = "sha256:e358a2112f9b687f8665dd0eab45eb61e2c21e607e6a13ba3831b019931720b3"},
    {file = "hdrhistogram-0.10.3-cp38-cp38-manylinux_2_5_i686.manylinux1_i686.manylinux_2_17_i686.manylinux2014_i686.whl", hash = "sha256:bdb7700f0f409056cf8147d80862fef7a1c6a2a6a410c31370ce6470600e239f"},
    {file = "hdrhistogram-0.10.3-cp38-cp38-manylinux_2_5_x86_64.manylinux1_x86_64.manylinux_2_17_x86_64.manylinux2014_x86_64.whl", hash = "sha256:80be7a23c410e1a3c5f81ddfee4eec57788b8de8e0175e9043181dd839937c3e"},
    {file = "hdrhistogram-0.10.3-cp38-cp38-musllinux_1_1_i686.whl", hash = "sha256:ee8db21d1b3a5bb561afb49ed5eded873629a1a77542eb06237af13f7d3dae97"},
    {file = "hdrhistogram-0.10.3-cp38-cp38-musllinux_1_1_x86_64.whl", hash = "sha256:ba7b1008820e6a705fec9169db99ff45b8e903fe1d15ae8f11d98cb25a327673"},
    {file = "hdrhistogram-0.10.3-cp38-cp38-win32.whl", hash = "sha256:20699699638297097104e02c55b1d83c02d123dda98ee25af41d56d6131b4daa"},
    {file = "hdrhistogram-0.10.3-cp38-cp38-win_amd64.whl", hash = "sha256:56083c578657427693e4ea25770925a79e9c961198776f8205d9155d2096a710"},
    {file = "hdrhistogram-0.10.3-cp39-cp39-macosx_10_9_x86_64.whl", hash = "sha256:35960a123b9eb175c52f009da4295624b3e195ecc8ea5e8e49fdb58016d4b4ce"},
    {file = "hdrhistogram-0.10.3-cp39-cp39-manylinux_2_5_i686.manylinux1_i686.manylinux_2_17_i686.manylinux2014_i686.whl", hash = "sha256:a9bd5b71e013408068c3ed6151a81d2e9792edff37b3b66d0c30dd7f287a99d2"},
    {file = "hdrhistogram-0.10.3-cp39-cp39-manylinux_2_5_x86_64.manylinux1_x86_64.manylinux_2_17_x86_64.manylinux2014_x86_64.whl", hash = "sha256:93c77a6366a3fea2dc6fc5a8f13c8d2ccbcc4fb34c2f033a2ed574fc5ca07ad5"},
    {file = "hdrhistogram-0.10.3-cp39-cp39-musllinux_1_1_i686.whl", hash = "sha256:9e0765858fbd12ea25d1fd9081ff4524b25aa47fd6652d3413343e8a0e930ade"},
    {file = "hdrhistogram-0.10.3-cp39-cp39-musllinux_1_1_x86_64.whl", hash = "sha256:51f90e682236532c96705e8b05ca9136911c1aa0a460e908738d7b618077cace"},
    {file = "hdrhistogram-0.10.3-cp39-cp39-win32.whl", hash = "sha256:0f0ecd6a4efcd4b86d460ac21e1a51702135e1378dac168b92521d780e725b90"},
    {file = "hdrhistogram-0.10.3-cp39-cp39-win_amd64.whl", hash = "sha256:c5adccd90121badb70d1cf4f0f3618b21b86c240c30d8428228187af30e148ed"},
    {file = "hdrhistogram-0.10.3-pp310-pypy310_pp73-macosx_10_9_x86_64.whl", hash = "sha256:75c725e3d424456114f5661d248d8d36dcd9378ca4ae9df6dd536fc8c7f974a5"},
    {file = "hdrhistogram-0.10.3-pp310-pypy310_pp73-manylinux_2_5_i686.manylinux1_i686.manylinux_2_17_i686.manylinux2014_i686.whl", hash = "sha256:749676fb15caecfd717fa5a2e9026f27c43ed17a127ed32ae15a2f4f4c5619ee"},
    {file = "hdrhistogram-0.10.3-pp310-pypy310_pp73-manylinux_2_5_x86_64.manylinux1_x86_64.manylinux_2_17_x86_64.manylinux2014_x86_64.whl", hash = "sha256:55771195cd438bdc39d4061a27daafb2c2b36d9842f9f54bf3bb1dec8be8c53a"},
    {file = "hdrhistogram-0.10.3-pp310-pypy310_pp73-win_amd64.whl", hash = "sha256:f9ed261aa8b5467678356b778eab9f3f12a9003ee4b4b2f53783a343f2c4513c"},
    {file = "hdrhistogram-0.10.3-pp37-pypy37_pp73-macosx_10_9_x86_64.whl", hash = "sha256:ce096f9d89dfe4ff9708593e0e5cb9e28c8dd9311c65acb2921530a91e3d043e"},
    {file = "hdrhistogram-0.10.3-pp37-pypy37_pp73-manylinux_2_5_i686.manylinux1_i686.manylinux_2_17_i686.manylinux2014_i686.whl", hash = "sha256:9e76612d311ac233f184063fc55ac5097fc6dc1629dc4e25ebe4f18384d6d8ca"},
    {file = "hdrhistogram-0.10.3-pp37-pypy37_pp73-manylinux_2_5_x86_64.manylinux1_x86_64.manylinux_2_17_x86_64.manylinux2014_x86_64.whl", hash = "sha256:e1ca845e86a296d7efc8a3ff175a0dab614b57adb610b7b1aa4a312becf8319f"},
    {file = "hdrhistogram-0.10.3-pp37-pypy37_pp73-win_amd64.whl", hash = "sha256:36e49a657f47cf0c562372ca0e06334461f558ef29ed8a972210f2a879abf669"},
    {file = "hdrhistogram-0.10.3-pp38-pypy38_pp73-macosx_10_9_x86_64.whl", hash = "sha256:c6fe0c64b902ce8ae94fef5f38710d2b51452521812191668b27b664878defd8"},
    {file = "hdrhistogram-0.10.3-pp38-pypy38_pp73-manylinux_2_5_i686.manylinux1_i686.manylinux_2_17_i686.manylinux2014_i686.whl", hash = "sha256:fb56df2189655fc6b83275a2f6206842eeef3b45b633947ca8a63ad7866bf0d1"},
    {file = "hdrhistogram-0.10.3-pp38-pypy38_pp73-manylinux_2_5_x86_64.manylinux1_x86_64.manylinux_2_17_x86_64.manylinux2014_x86_64.whl", hash = "sha256:0fbf9db500382a7f19b05708f327b94bea8e17c6a56e7359f9cc532f5afa2662"},
    {file = "hdrhistogram-0.10.3-pp38-pypy38_pp73-win_amd64.whl", hash = "sha256:9f216fe14d696a6d2aad6ead334fd700ce91ab1ddfeb8bbe9f54e784126c1f5d"},
    {file = "hdrhistogram-0.10.3-pp39-pypy39_pp73-macosx_10_9_x86_64.whl", hash = "sha256:3fe865a17462a756650fe2539702df65b8a10ddcb5e1da4eec64a39c502c2af7"},
    {file = "hdrhistogram-0.10.3-pp39-pypy39_pp73-manylinux_2_5_i686.manylinux1_i686.manylinux_2_17_i686.manylinux2014_i686.whl", hash = "sha256:6c1c4b2431a0f539cddf760ac11fb5828faeb0643635548cefea82868f7486eb"},
    {file = "hdrhistogram-0.10.3-pp39-pypy39_pp73-manylinux_2_5_x86_64.manylinux1_x86_64.manylinux_2_17_x86_64.manylinux2014_x86_64.whl", hash = "sha256:0c79c269b37132e9ba116c405aa6f331d3bfc7545297609af32f09e94fd6430a"},
    {file = "hdrhistogram-0.10.3-pp39-pypy39_pp73-win_amd64.whl", hash = "sha256:dc9ff7da871d9149abfa386c44f1d02e83b8b5819ea974f55cf5eed27e9d333a"},
    {file = "hdrhistogram-0.10.3.tar.gz", hash = "sha256:f3890df0a6f3c582a0a8b2a49a568729cb319f1600683e4458cc98b68ca32841"},
]

[package.dependencies]
pbr = ">=1.4"

[[package]]
name = "importlib-metadata"
version = "4.2.0"
description = "Read metadata from Python packages"
optional = false
python-versions = ">=3.6"
files = [
    {file = "importlib_metadata-4.2.0-py3-none-any.whl", hash = "sha256:057e92c15bc8d9e8109738a48db0ccb31b4d9d5cfbee5a8670879a30be66304b"},
    {file = "importlib_metadata-4.2.0.tar.gz", hash = "sha256:b7e52a1f8dec14a75ea73e0891f3060099ca1d8e6a462a4dff11c3e119ea1b31"},
]

[package.dependencies]
typing-extensions = {version = ">=3.6.4", markers = "python_version < \"3.8\""}
zipp = ">=0.5"

[package.extras]
docs = ["jaraco.packaging (>=8.2)", "rst.linker (>=1.9)", "sphinx"]
testing = ["flufl.flake8", "importlib-resources (>=1.3)", "packaging", "pep517", "pyfakefs", "pytest (>=4.6)", "pytest-black (>=0.3.7)", "pytest-checkdocs (>=2.4)", "pytest-cov", "pytest-enabler (>=1.0.1)", "pytest-flake8", "pytest-mypy"]

[[package]]
name = "momento"
version = "1.18.0"
description = "SDK for Momento"
optional = false
python-versions = ">=3.7,<4.0"
files = [
    {file = "momento-1.18.0-py3-none-any.whl", hash = "sha256:2e05a3b6dd46320a338303dfe067d517009500da5f90221cc4c9d916c16719fd"},
    {file = "momento-1.18.0.tar.gz", hash = "sha256:70b9a13a630090276ddd0431ba6e247544cc83f55a0b36f396e267b2c2669c82"},
]

[package.dependencies]
grpcio = ">=1.46.0,<2.0.0"
importlib-metadata = {version = ">=4", markers = "python_version < \"3.8\""}
momento-wire-types = ">=0.105.3,<0.106.0"
pyjwt = ">=2.4.0,<3.0.0"

[[package]]
name = "momento-wire-types"
version = "0.105.3"
description = "Momento Client Proto Generated Files"
optional = false
python-versions = ">=3.7,<4.0"
files = [
    {file = "momento_wire_types-0.105.3-py3-none-any.whl", hash = "sha256:156c704eec560b9a102c16aa08283981f23fa6d8e61ddbb05b6206b979733672"},
    {file = "momento_wire_types-0.105.3.tar.gz", hash = "sha256:12a785c7950b8cf62c8516061bfa8b9124619e097f82c16d110e770385ad16bc"},
]

[package.dependencies]
grpcio = "*"
protobuf = ">=3,<5"

[[package]]
name = "mypy"
version = "0.971"
description = "Optional static typing for Python"
optional = false
python-versions = ">=3.6"
files = [
    {file = "mypy-0.971-cp310-cp310-macosx_10_9_universal2.whl", hash = "sha256:f2899a3cbd394da157194f913a931edfd4be5f274a88041c9dc2d9cdcb1c315c"},
    {file = "mypy-0.971-cp310-cp310-macosx_10_9_x86_64.whl", hash = "sha256:98e02d56ebe93981c41211c05adb630d1d26c14195d04d95e49cd97dbc046dc5"},
    {file = "mypy-0.971-cp310-cp310-macosx_11_0_arm64.whl", hash = "sha256:19830b7dba7d5356d3e26e2427a2ec91c994cd92d983142cbd025ebe81d69cf3"},
    {file = "mypy-0.971-cp310-cp310-manylinux_2_5_x86_64.manylinux1_x86_64.manylinux_2_12_x86_64.manylinux2010_x86_64.whl", hash = "sha256:02ef476f6dcb86e6f502ae39a16b93285fef97e7f1ff22932b657d1ef1f28655"},
    {file = "mypy-0.971-cp310-cp310-win_amd64.whl", hash = "sha256:25c5750ba5609a0c7550b73a33deb314ecfb559c350bb050b655505e8aed4103"},
    {file = "mypy-0.971-cp36-cp36m-macosx_10_9_x86_64.whl", hash = "sha256:d3348e7eb2eea2472db611486846742d5d52d1290576de99d59edeb7cd4a42ca"},
    {file = "mypy-0.971-cp36-cp36m-manylinux_2_5_x86_64.manylinux1_x86_64.manylinux_2_12_x86_64.manylinux2010_x86_64.whl", hash = "sha256:3fa7a477b9900be9b7dd4bab30a12759e5abe9586574ceb944bc29cddf8f0417"},
    {file = "mypy-0.971-cp36-cp36m-win_amd64.whl", hash = "sha256:2ad53cf9c3adc43cf3bea0a7d01a2f2e86db9fe7596dfecb4496a5dda63cbb09"},
    {file = "mypy-0.971-cp37-cp37m-macosx_10_9_x86_64.whl", hash = "sha256:855048b6feb6dfe09d3353466004490b1872887150c5bb5caad7838b57328cc8"},
    {file = "mypy-0.971-cp37-cp37m-manylinux_2_5_x86_64.manylinux1_x86_64.manylinux_2_12_x86_64.manylinux2010_x86_64.whl", hash = "sha256:23488a14a83bca6e54402c2e6435467a4138785df93ec85aeff64c6170077fb0"},
    {file = "mypy-0.971-cp37-cp37m-win_amd64.whl", hash = "sha256:4b21e5b1a70dfb972490035128f305c39bc4bc253f34e96a4adf9127cf943eb2"},
    {file = "mypy-0.971-cp38-cp38-macosx_10_9_universal2.whl", hash = "sha256:9796a2ba7b4b538649caa5cecd398d873f4022ed2333ffde58eaf604c4d2cb27"},
    {file = "mypy-0.971-cp38-cp38-macosx_10_9_x86_64.whl", hash = "sha256:5a361d92635ad4ada1b1b2d3630fc2f53f2127d51cf2def9db83cba32e47c856"},
    {file = "mypy-0.971-cp38-cp38-macosx_11_0_arm64.whl", hash = "sha256:b793b899f7cf563b1e7044a5c97361196b938e92f0a4343a5d27966a53d2ec71"},
    {file = "mypy-0.971-cp38-cp38-manylinux_2_5_x86_64.manylinux1_x86_64.manylinux_2_12_x86_64.manylinux2010_x86_64.whl", hash = "sha256:d1ea5d12c8e2d266b5fb8c7a5d2e9c0219fedfeb493b7ed60cd350322384ac27"},
    {file = "mypy-0.971-cp38-cp38-win_amd64.whl", hash = "sha256:23c7ff43fff4b0df93a186581885c8512bc50fc4d4910e0f838e35d6bb6b5e58"},
    {file = "mypy-0.971-cp39-cp39-macosx_10_9_universal2.whl", hash = "sha256:1f7656b69974a6933e987ee8ffb951d836272d6c0f81d727f1d0e2696074d9e6"},
    {file = "mypy-0.971-cp39-cp39-macosx_10_9_x86_64.whl", hash = "sha256:d2022bfadb7a5c2ef410d6a7c9763188afdb7f3533f22a0a32be10d571ee4bbe"},
    {file = "mypy-0.971-cp39-cp39-macosx_11_0_arm64.whl", hash = "sha256:ef943c72a786b0f8d90fd76e9b39ce81fb7171172daf84bf43eaf937e9f220a9"},
    {file = "mypy-0.971-cp39-cp39-manylinux_2_5_x86_64.manylinux1_x86_64.manylinux_2_12_x86_64.manylinux2010_x86_64.whl", hash = "sha256:d744f72eb39f69312bc6c2abf8ff6656973120e2eb3f3ec4f758ed47e414a4bf"},
    {file = "mypy-0.971-cp39-cp39-win_amd64.whl", hash = "sha256:77a514ea15d3007d33a9e2157b0ba9c267496acf12a7f2b9b9f8446337aac5b0"},
    {file = "mypy-0.971-py3-none-any.whl", hash = "sha256:0d054ef16b071149917085f51f89555a576e2618d5d9dd70bd6eea6410af3ac9"},
    {file = "mypy-0.971.tar.gz", hash = "sha256:40b0f21484238269ae6a57200c807d80debc6459d444c0489a102d7c6a75fa56"},
]

[package.dependencies]
mypy-extensions = ">=0.4.3"
tomli = {version = ">=1.1.0", markers = "python_version < \"3.11\""}
typed-ast = {version = ">=1.4.0,<2", markers = "python_version < \"3.8\""}
typing-extensions = ">=3.10"

[package.extras]
dmypy = ["psutil (>=4.0)"]
python2 = ["typed-ast (>=1.4.0,<2)"]
reports = ["lxml"]

[[package]]
name = "mypy-extensions"
version = "1.0.0"
description = "Type system extensions for programs checked with the mypy type checker."
optional = false
python-versions = ">=3.5"
files = [
    {file = "mypy_extensions-1.0.0-py3-none-any.whl", hash = "sha256:4392f6c0eb8a5668a69e23d168ffa70f0be9ccfd32b5cc2d26a34ae5b844552d"},
    {file = "mypy_extensions-1.0.0.tar.gz", hash = "sha256:75dbf8955dc00442a438fc4d0666508a9a97b6bd41aa2f0ffe9d2f2725af0782"},
]

[[package]]
name = "pbr"
version = "6.0.0"
description = "Python Build Reasonableness"
optional = false
python-versions = ">=2.6"
files = [
    {file = "pbr-6.0.0-py2.py3-none-any.whl", hash = "sha256:4a7317d5e3b17a3dccb6a8cfe67dab65b20551404c52c8ed41279fa4f0cb4cda"},
    {file = "pbr-6.0.0.tar.gz", hash = "sha256:d1377122a5a00e2f940ee482999518efe16d745d423a670c27773dfbc3c9a7d9"},
]

[[package]]
name = "protobuf"
version = "4.24.4"
description = ""
optional = false
python-versions = ">=3.7"
files = [
    {file = "protobuf-4.24.4-cp310-abi3-win32.whl", hash = "sha256:ec9912d5cb6714a5710e28e592ee1093d68c5ebfeda61983b3f40331da0b1ebb"},
    {file = "protobuf-4.24.4-cp310-abi3-win_amd64.whl", hash = "sha256:1badab72aa8a3a2b812eacfede5020472e16c6b2212d737cefd685884c191085"},
    {file = "protobuf-4.24.4-cp37-abi3-macosx_10_9_universal2.whl", hash = "sha256:8e61a27f362369c2f33248a0ff6896c20dcd47b5d48239cb9720134bef6082e4"},
    {file = "protobuf-4.24.4-cp37-abi3-manylinux2014_aarch64.whl", hash = "sha256:bffa46ad9612e6779d0e51ae586fde768339b791a50610d85eb162daeb23661e"},
    {file = "protobuf-4.24.4-cp37-abi3-manylinux2014_x86_64.whl", hash = "sha256:b493cb590960ff863743b9ff1452c413c2ee12b782f48beca77c8da3e2ffe9d9"},
    {file = "protobuf-4.24.4-cp37-cp37m-win32.whl", hash = "sha256:dbbed8a56e56cee8d9d522ce844a1379a72a70f453bde6243e3c86c30c2a3d46"},
    {file = "protobuf-4.24.4-cp37-cp37m-win_amd64.whl", hash = "sha256:6b7d2e1c753715dcfe9d284a25a52d67818dd43c4932574307daf836f0071e37"},
    {file = "protobuf-4.24.4-cp38-cp38-win32.whl", hash = "sha256:02212557a76cd99574775a81fefeba8738d0f668d6abd0c6b1d3adcc75503dbe"},
    {file = "protobuf-4.24.4-cp38-cp38-win_amd64.whl", hash = "sha256:2fa3886dfaae6b4c5ed2730d3bf47c7a38a72b3a1f0acb4d4caf68e6874b947b"},
    {file = "protobuf-4.24.4-cp39-cp39-win32.whl", hash = "sha256:b77272f3e28bb416e2071186cb39efd4abbf696d682cbb5dc731308ad37fa6dd"},
    {file = "protobuf-4.24.4-cp39-cp39-win_amd64.whl", hash = "sha256:9fee5e8aa20ef1b84123bb9232b3f4a5114d9897ed89b4b8142d81924e05d79b"},
    {file = "protobuf-4.24.4-py3-none-any.whl", hash = "sha256:80797ce7424f8c8d2f2547e2d42bfbb6c08230ce5832d6c099a37335c9c90a92"},
    {file = "protobuf-4.24.4.tar.gz", hash = "sha256:5a70731910cd9104762161719c3d883c960151eea077134458503723b60e3667"},
]

[[package]]
name = "pyjwt"
version = "2.8.0"
description = "JSON Web Token implementation in Python"
optional = false
python-versions = ">=3.7"
files = [
    {file = "PyJWT-2.8.0-py3-none-any.whl", hash = "sha256:59127c392cc44c2da5bb3192169a91f429924e17aff6534d70fdc02ab3e04320"},
    {file = "PyJWT-2.8.0.tar.gz", hash = "sha256:57e28d156e3d5c10088e0c68abb90bfac3df82b40a71bd0daa20c65ccd5c23de"},
]

[package.dependencies]
typing-extensions = {version = "*", markers = "python_version <= \"3.7\""}

[package.extras]
crypto = ["cryptography (>=3.4.0)"]
dev = ["coverage[toml] (==5.0.4)", "cryptography (>=3.4.0)", "pre-commit", "pytest (>=6.0.0,<7.0.0)", "sphinx (>=4.5.0,<5.0.0)", "sphinx-rtd-theme", "zope.interface"]
docs = ["sphinx (>=4.5.0,<5.0.0)", "sphinx-rtd-theme", "zope.interface"]
tests = ["coverage[toml] (==5.0.4)", "pytest (>=6.0.0,<7.0.0)"]

[[package]]
name = "ruff"
version = "0.1.6"
description = "An extremely fast Python linter and code formatter, written in Rust."
optional = false
python-versions = ">=3.7"
files = [
    {file = "ruff-0.1.6-py3-none-macosx_10_12_x86_64.macosx_11_0_arm64.macosx_10_12_universal2.whl", hash = "sha256:88b8cdf6abf98130991cbc9f6438f35f6e8d41a02622cc5ee130a02a0ed28703"},
    {file = "ruff-0.1.6-py3-none-macosx_10_12_x86_64.whl", hash = "sha256:5c549ed437680b6105a1299d2cd30e4964211606eeb48a0ff7a93ef70b902248"},
    {file = "ruff-0.1.6-py3-none-manylinux_2_17_aarch64.manylinux2014_aarch64.whl", hash = "sha256:1cf5f701062e294f2167e66d11b092bba7af6a057668ed618a9253e1e90cfd76"},
    {file = "ruff-0.1.6-py3-none-manylinux_2_17_armv7l.manylinux2014_armv7l.whl", hash = "sha256:05991ee20d4ac4bb78385360c684e4b417edd971030ab12a4fbd075ff535050e"},
    {file = "ruff-0.1.6-py3-none-manylinux_2_17_i686.manylinux2014_i686.whl", hash = "sha256:87455a0c1f739b3c069e2f4c43b66479a54dea0276dd5d4d67b091265f6fd1dc"},
    {file = "ruff-0.1.6-py3-none-manylinux_2_17_ppc64.manylinux2014_ppc64.whl", hash = "sha256:683aa5bdda5a48cb8266fcde8eea2a6af4e5700a392c56ea5fb5f0d4bfdc0240"},
    {file = "ruff-0.1.6-py3-none-manylinux_2_17_ppc64le.manylinux2014_ppc64le.whl", hash = "sha256:137852105586dcbf80c1717facb6781555c4e99f520c9c827bd414fac67ddfb6"},
    {file = "ruff-0.1.6-py3-none-manylinux_2_17_s390x.manylinux2014_s390x.whl", hash = "sha256:bd98138a98d48a1c36c394fd6b84cd943ac92a08278aa8ac8c0fdefcf7138f35"},
    {file = "ruff-0.1.6-py3-none-manylinux_2_17_x86_64.manylinux2014_x86_64.whl", hash = "sha256:3a0cd909d25f227ac5c36d4e7e681577275fb74ba3b11d288aff7ec47e3ae745"},
    {file = "ruff-0.1.6-py3-none-musllinux_1_2_aarch64.whl", hash = "sha256:e8fd1c62a47aa88a02707b5dd20c5ff20d035d634aa74826b42a1da77861b5ff"},
    {file = "ruff-0.1.6-py3-none-musllinux_1_2_armv7l.whl", hash = "sha256:fd89b45d374935829134a082617954120d7a1470a9f0ec0e7f3ead983edc48cc"},
    {file = "ruff-0.1.6-py3-none-musllinux_1_2_i686.whl", hash = "sha256:491262006e92f825b145cd1e52948073c56560243b55fb3b4ecb142f6f0e9543"},
    {file = "ruff-0.1.6-py3-none-musllinux_1_2_x86_64.whl", hash = "sha256:ea284789861b8b5ca9d5443591a92a397ac183d4351882ab52f6296b4fdd5462"},
    {file = "ruff-0.1.6-py3-none-win32.whl", hash = "sha256:1610e14750826dfc207ccbcdd7331b6bd285607d4181df9c1c6ae26646d6848a"},
    {file = "ruff-0.1.6-py3-none-win_amd64.whl", hash = "sha256:4558b3e178145491e9bc3b2ee3c4b42f19d19384eaa5c59d10acf6e8f8b57e33"},
    {file = "ruff-0.1.6-py3-none-win_arm64.whl", hash = "sha256:03910e81df0d8db0e30050725a5802441c2022ea3ae4fe0609b76081731accbc"},
    {file = "ruff-0.1.6.tar.gz", hash = "sha256:1b09f29b16c6ead5ea6b097ef2764b42372aebe363722f1605ecbcd2b9207184"},
]

[[package]]
name = "tomli"
version = "2.0.1"
description = "A lil' TOML parser"
optional = false
python-versions = ">=3.7"
files = [
    {file = "tomli-2.0.1-py3-none-any.whl", hash = "sha256:939de3e7a6161af0c887ef91b7d41a53e7c5a1ca976325f429cb46ea9bc30ecc"},
    {file = "tomli-2.0.1.tar.gz", hash = "sha256:de526c12914f0c550d15924c62d72abc48d6fe7364aa87328337a31007fe8a4f"},
]

[[package]]
name = "typed-ast"
version = "1.5.5"
description = "a fork of Python 2 and 3 ast modules with type comment support"
optional = false
python-versions = ">=3.6"
files = [
    {file = "typed_ast-1.5.5-cp310-cp310-macosx_10_9_x86_64.whl", hash = "sha256:4bc1efe0ce3ffb74784e06460f01a223ac1f6ab31c6bc0376a21184bf5aabe3b"},
    {file = "typed_ast-1.5.5-cp310-cp310-macosx_11_0_arm64.whl", hash = "sha256:5f7a8c46a8b333f71abd61d7ab9255440d4a588f34a21f126bbfc95f6049e686"},
    {file = "typed_ast-1.5.5-cp310-cp310-manylinux_2_17_aarch64.manylinux2014_aarch64.whl", hash = "sha256:597fc66b4162f959ee6a96b978c0435bd63791e31e4f410622d19f1686d5e769"},
    {file = "typed_ast-1.5.5-cp310-cp310-manylinux_2_17_x86_64.manylinux2014_x86_64.whl", hash = "sha256:d41b7a686ce653e06c2609075d397ebd5b969d821b9797d029fccd71fdec8e04"},
    {file = "typed_ast-1.5.5-cp310-cp310-musllinux_1_1_aarch64.whl", hash = "sha256:5fe83a9a44c4ce67c796a1b466c270c1272e176603d5e06f6afbc101a572859d"},
    {file = "typed_ast-1.5.5-cp310-cp310-musllinux_1_1_x86_64.whl", hash = "sha256:d5c0c112a74c0e5db2c75882a0adf3133adedcdbfd8cf7c9d6ed77365ab90a1d"},
    {file = "typed_ast-1.5.5-cp310-cp310-win_amd64.whl", hash = "sha256:e1a976ed4cc2d71bb073e1b2a250892a6e968ff02aa14c1f40eba4f365ffec02"},
    {file = "typed_ast-1.5.5-cp311-cp311-macosx_10_9_x86_64.whl", hash = "sha256:c631da9710271cb67b08bd3f3813b7af7f4c69c319b75475436fcab8c3d21bee"},
    {file = "typed_ast-1.5.5-cp311-cp311-macosx_11_0_arm64.whl", hash = "sha256:b445c2abfecab89a932b20bd8261488d574591173d07827c1eda32c457358b18"},
    {file = "typed_ast-1.5.5-cp311-cp311-manylinux_2_17_aarch64.manylinux2014_aarch64.whl", hash = "sha256:cc95ffaaab2be3b25eb938779e43f513e0e538a84dd14a5d844b8f2932593d88"},
    {file = "typed_ast-1.5.5-cp311-cp311-manylinux_2_17_x86_64.manylinux2014_x86_64.whl", hash = "sha256:61443214d9b4c660dcf4b5307f15c12cb30bdfe9588ce6158f4a005baeb167b2"},
    {file = "typed_ast-1.5.5-cp311-cp311-musllinux_1_1_aarch64.whl", hash = "sha256:6eb936d107e4d474940469e8ec5b380c9b329b5f08b78282d46baeebd3692dc9"},
    {file = "typed_ast-1.5.5-cp311-cp311-musllinux_1_1_x86_64.whl", hash = "sha256:e48bf27022897577d8479eaed64701ecaf0467182448bd95759883300ca818c8"},
    {file = "typed_ast-1.5.5-cp311-cp311-win_amd64.whl", hash = "sha256:83509f9324011c9a39faaef0922c6f720f9623afe3fe220b6d0b15638247206b"},
    {file = "typed_ast-1.5.5-cp36-cp36m-macosx_10_9_x86_64.whl", hash = "sha256:44f214394fc1af23ca6d4e9e744804d890045d1643dd7e8229951e0ef39429b5"},
    {file = "typed_ast-1.5.5-cp36-cp36m-manylinux_2_17_aarch64.manylinux2014_aarch64.whl", hash = "sha256:118c1ce46ce58fda78503eae14b7664163aa735b620b64b5b725453696f2a35c"},
    {file = "typed_ast-1.5.5-cp36-cp36m-manylinux_2_17_x86_64.manylinux2014_x86_64.whl", hash = "sha256:be4919b808efa61101456e87f2d4c75b228f4e52618621c77f1ddcaae15904fa"},
    {file = "typed_ast-1.5.5-cp36-cp36m-musllinux_1_1_aarch64.whl", hash = "sha256:fc2b8c4e1bc5cd96c1a823a885e6b158f8451cf6f5530e1829390b4d27d0807f"},
    {file = "typed_ast-1.5.5-cp36-cp36m-musllinux_1_1_x86_64.whl", hash = "sha256:16f7313e0a08c7de57f2998c85e2a69a642e97cb32f87eb65fbfe88381a5e44d"},
    {file = "typed_ast-1.5.5-cp36-cp36m-win_amd64.whl", hash = "sha256:2b946ef8c04f77230489f75b4b5a4a6f24c078be4aed241cfabe9cbf4156e7e5"},
    {file = "typed_ast-1.5.5-cp37-cp37m-macosx_10_9_x86_64.whl", hash = "sha256:2188bc33d85951ea4ddad55d2b35598b2709d122c11c75cffd529fbc9965508e"},
    {file = "typed_ast-1.5.5-cp37-cp37m-manylinux_2_17_aarch64.manylinux2014_aarch64.whl", hash = "sha256:0635900d16ae133cab3b26c607586131269f88266954eb04ec31535c9a12ef1e"},
    {file = "typed_ast-1.5.5-cp37-cp37m-manylinux_2_17_x86_64.manylinux2014_x86_64.whl", hash = "sha256:57bfc3cf35a0f2fdf0a88a3044aafaec1d2f24d8ae8cd87c4f58d615fb5b6311"},
    {file = "typed_ast-1.5.5-cp37-cp37m-musllinux_1_1_aarch64.whl", hash = "sha256:fe58ef6a764de7b4b36edfc8592641f56e69b7163bba9f9c8089838ee596bfb2"},
    {file = "typed_ast-1.5.5-cp37-cp37m-musllinux_1_1_x86_64.whl", hash = "sha256:d09d930c2d1d621f717bb217bf1fe2584616febb5138d9b3e8cdd26506c3f6d4"},
    {file = "typed_ast-1.5.5-cp37-cp37m-win_amd64.whl", hash = "sha256:d40c10326893ecab8a80a53039164a224984339b2c32a6baf55ecbd5b1df6431"},
    {file = "typed_ast-1.5.5-cp38-cp38-macosx_10_9_x86_64.whl", hash = "sha256:fd946abf3c31fb50eee07451a6aedbfff912fcd13cf357363f5b4e834cc5e71a"},
    {file = "typed_ast-1.5.5-cp38-cp38-macosx_11_0_arm64.whl", hash = "sha256:ed4a1a42df8a3dfb6b40c3d2de109e935949f2f66b19703eafade03173f8f437"},
    {file = "typed_ast-1.5.5-cp38-cp38-manylinux_2_17_aarch64.manylinux2014_aarch64.whl", hash = "sha256:045f9930a1550d9352464e5149710d56a2aed23a2ffe78946478f7b5416f1ede"},
    {file = "typed_ast-1.5.5-cp38-cp38-manylinux_2_17_x86_64.manylinux2014_x86_64.whl", hash = "sha256:381eed9c95484ceef5ced626355fdc0765ab51d8553fec08661dce654a935db4"},
    {file = "typed_ast-1.5.5-cp38-cp38-musllinux_1_1_aarch64.whl", hash = "sha256:bfd39a41c0ef6f31684daff53befddae608f9daf6957140228a08e51f312d7e6"},
    {file = "typed_ast-1.5.5-cp38-cp38-musllinux_1_1_x86_64.whl", hash = "sha256:8c524eb3024edcc04e288db9541fe1f438f82d281e591c548903d5b77ad1ddd4"},
    {file = "typed_ast-1.5.5-cp38-cp38-win_amd64.whl", hash = "sha256:7f58fabdde8dcbe764cef5e1a7fcb440f2463c1bbbec1cf2a86ca7bc1f95184b"},
    {file = "typed_ast-1.5.5-cp39-cp39-macosx_10_9_x86_64.whl", hash = "sha256:042eb665ff6bf020dd2243307d11ed626306b82812aba21836096d229fdc6a10"},
    {file = "typed_ast-1.5.5-cp39-cp39-macosx_11_0_arm64.whl", hash = "sha256:622e4a006472b05cf6ef7f9f2636edc51bda670b7bbffa18d26b255269d3d814"},
    {file = "typed_ast-1.5.5-cp39-cp39-manylinux_2_17_aarch64.manylinux2014_aarch64.whl", hash = "sha256:1efebbbf4604ad1283e963e8915daa240cb4bf5067053cf2f0baadc4d4fb51b8"},
    {file = "typed_ast-1.5.5-cp39-cp39-manylinux_2_17_x86_64.manylinux2014_x86_64.whl", hash = "sha256:f0aefdd66f1784c58f65b502b6cf8b121544680456d1cebbd300c2c813899274"},
    {file = "typed_ast-1.5.5-cp39-cp39-musllinux_1_1_aarch64.whl", hash = "sha256:48074261a842acf825af1968cd912f6f21357316080ebaca5f19abbb11690c8a"},
    {file = "typed_ast-1.5.5-cp39-cp39-musllinux_1_1_x86_64.whl", hash = "sha256:429ae404f69dc94b9361bb62291885894b7c6fb4640d561179548c849f8492ba"},
    {file = "typed_ast-1.5.5-cp39-cp39-win_amd64.whl", hash = "sha256:335f22ccb244da2b5c296e6f96b06ee9bed46526db0de38d2f0e5a6597b81155"},
    {file = "typed_ast-1.5.5.tar.gz", hash = "sha256:94282f7a354f36ef5dbce0ef3467ebf6a258e370ab33d5b40c249fa996e590dd"},
]

[[package]]
name = "typing-extensions"
version = "4.7.1"
description = "Backported and Experimental Type Hints for Python 3.7+"
optional = false
python-versions = ">=3.7"
files = [
    {file = "typing_extensions-4.7.1-py3-none-any.whl", hash = "sha256:440d5dd3af93b060174bf433bccd69b0babc3b15b1a8dca43789fd7f61514b36"},
    {file = "typing_extensions-4.7.1.tar.gz", hash = "sha256:b75ddc264f0ba5615db7ba217daeb99701ad295353c45f9e95963337ceeeffb2"},
]

[[package]]
name = "zipp"
version = "3.15.0"
description = "Backport of pathlib-compatible object wrapper for zip files"
optional = false
python-versions = ">=3.7"
files = [
    {file = "zipp-3.15.0-py3-none-any.whl", hash = "sha256:48904fc76a60e542af151aded95726c1a5c34ed43ab4134b597665c86d7ad556"},
    {file = "zipp-3.15.0.tar.gz", hash = "sha256:112929ad649da941c23de50f356a2b5570c954b65150642bccdd66bf194d224b"},
]

[package.extras]
docs = ["furo", "jaraco.packaging (>=9)", "jaraco.tidelift (>=1.4)", "rst.linker (>=1.9)", "sphinx (>=3.5)", "sphinx-lint"]
testing = ["big-O", "flake8 (<5)", "jaraco.functools", "jaraco.itertools", "more-itertools", "pytest (>=6)", "pytest-black (>=0.3.7)", "pytest-checkdocs (>=2.4)", "pytest-cov", "pytest-enabler (>=1.3)", "pytest-flake8", "pytest-mypy (>=0.9.1)"]

[metadata]
lock-version = "2.0"
python-versions = ">=3.7,<3.12"
content-hash = "97442992d861fa0db4d34f47a80e8103d834713d9206d75ae332e2994e86697b"
